<?xml version="1.0" encoding="utf-8"?>
<Project ToolsVersion="4.0" xmlns="http://schemas.microsoft.com/developer/msbuild/2003">
  <ItemGroup>
    <Filter Include="Arquivos de Origem">
      <UniqueIdentifier>{4FC737F1-C7A5-4376-A066-2A32D752A2FF}</UniqueIdentifier>
      <Extensions>cpp;c;cc;cxx;c++;cppm;ixx;def;odl;idl;hpj;bat;asm;asmx</Extensions>
    </Filter>
    <Filter Include="Arquivos de Cabeçalho">
      <UniqueIdentifier>{93995380-89BD-4b04-88EB-625FBE52EBFB}</UniqueIdentifier>
      <Extensions>h;hh;hpp;hxx;h++;hm;inl;inc;ipp;xsd</Extensions>
    </Filter>
    <Filter Include="Arquivos de Recurso">
      <UniqueIdentifier>{67DA6AB6-F800-4c08-8B7A-83BB121AAD01}</UniqueIdentifier>
      <Extensions>rc;ico;cur;bmp;dlg;rc2;rct;bin;rgs;gif;jpg;jpeg;jpe;resx;tiff;tif;png;wav;mfcribbon-ms</Extensions>
    </Filter>
    <Filter Include="Arquivos de Cabeçalho\structures">
      <UniqueIdentifier>{9504740b-c089-4c06-a125-3247183343c4}</UniqueIdentifier>
    </Filter>
    <Filter Include="Arquivos de Cabeçalho\structures\linked">
      <UniqueIdentifier>{a4dc7563-f10f-418e-978b-eff0ff06a2cf}</UniqueIdentifier>
    </Filter>
    <Filter Include="Arquivos de Cabeçalho\structures\qs">
      <UniqueIdentifier>{25e00c9e-ff67-40be-9905-e063fb88b991}</UniqueIdentifier>
    </Filter>
    <Filter Include="Arquivos de Cabeçalho\structures\tree">
      <UniqueIdentifier>{7aee75e2-8c96-44ed-aa7b-f6fe4a014454}</UniqueIdentifier>
    </Filter>
  </ItemGroup>
  <ItemGroup>
    <ClInclude Include="data.h">
      <Filter>Arquivos de Cabeçalho</Filter>
    </ClInclude>
    <ClInclude Include="static.h">
      <Filter>Arquivos de Cabeçalho\structures</Filter>
    </ClInclude>
    <ClInclude Include="hashtable.h">
      <Filter>Arquivos de Cabeçalho\structures</Filter>
    </ClInclude>
    <ClInclude Include="circular.h">
      <Filter>Arquivos de Cabeçalho\structures\linked</Filter>
    </ClInclude>
    <ClInclude Include="stack.h">
      <Filter>Arquivos de Cabeçalho\structures\qs</Filter>
    </ClInclude>
    <ClInclude Include="queue.h">
      <Filter>Arquivos de Cabeçalho\structures\qs</Filter>
    </ClInclude>
    <ClInclude Include="linked.h">
      <Filter>Arquivos de Cabeçalho\structures\linked</Filter>
    </ClInclude>
    <ClInclude Include="doublelinked.h">
      <Filter>Arquivos de Cabeçalho\structures\linked</Filter>
    </ClInclude>
    <ClInclude Include="huffmantree.h">
      <Filter>Arquivos de Cabeçalho\structures\tree</Filter>
    </ClInclude>
    <ClInclude Include="binarysearchtree.h">
      <Filter>Arquivos de Cabeçalho\structures\tree</Filter>
    </ClInclude>
  </ItemGroup>
  <ItemGroup>
    <ClCompile Include="main.cpp">
      <Filter>Arquivos de Origem</Filter>
    </ClCompile>
  </ItemGroup>
</Project>